// !$*UTF8*$!
{
	archiveVersion = 1;
	classes = {
	};
	objectVersion = 48;
	objects = {

/* Begin PBXBuildFile section */
		7F1CE97521E35AD7005D7C38 /* TestViewController.m in Sources */ = {isa = PBXBuildFile; fileRef = 7F1CE97321E35AD7005D7C38 /* TestViewController.m */; };
		7F1CE97621E35AD7005D7C38 /* TestViewController.xib in Resources */ = {isa = PBXBuildFile; fileRef = 7F1CE97421E35AD7005D7C38 /* TestViewController.xib */; };
		7F91C45821F47A1F002EAEE4 /* NSLayoutConstraint+MASDebugAdditions.m in Sources */ = {isa = PBXBuildFile; fileRef = 7F91C44021F47A1F002EAEE4 /* NSLayoutConstraint+MASDebugAdditions.m */; };
		7F91C45921F47A1F002EAEE4 /* ViewController+MASAdditions.m in Sources */ = {isa = PBXBuildFile; fileRef = 7F91C44921F47A1F002EAEE4 /* ViewController+MASAdditions.m */; };
		7F91C45A21F47A1F002EAEE4 /* MASCompositeConstraint.m in Sources */ = {isa = PBXBuildFile; fileRef = 7F91C44D21F47A1F002EAEE4 /* MASCompositeConstraint.m */; };
		7F91C45B21F47A1F002EAEE4 /* MASConstraintMaker.m in Sources */ = {isa = PBXBuildFile; fileRef = 7F91C44E21F47A1F002EAEE4 /* MASConstraintMaker.m */; };
		7F91C45C21F47A1F002EAEE4 /* MASLayoutConstraint.m in Sources */ = {isa = PBXBuildFile; fileRef = 7F91C44F21F47A1F002EAEE4 /* MASLayoutConstraint.m */; };
		7F91C45D21F47A1F002EAEE4 /* NSArray+MASAdditions.m in Sources */ = {isa = PBXBuildFile; fileRef = 7F91C45021F47A1F002EAEE4 /* NSArray+MASAdditions.m */; };
		7F91C45E21F47A1F002EAEE4 /* View+MASAdditions.m in Sources */ = {isa = PBXBuildFile; fileRef = 7F91C45121F47A1F002EAEE4 /* View+MASAdditions.m */; };
		7F91C45F21F47A1F002EAEE4 /* MASConstraint.m in Sources */ = {isa = PBXBuildFile; fileRef = 7F91C45421F47A1F002EAEE4 /* MASConstraint.m */; };
		7F91C46021F47A1F002EAEE4 /* MASViewConstraint.m in Sources */ = {isa = PBXBuildFile; fileRef = 7F91C45621F47A1F002EAEE4 /* MASViewConstraint.m */; };
		7F91C46121F47A1F002EAEE4 /* MASViewAttribute.m in Sources */ = {isa = PBXBuildFile; fileRef = 7F91C45721F47A1F002EAEE4 /* MASViewAttribute.m */; };
		7FDA1A761F8CB4400000E596 /* AppDelegate.m in Sources */ = {isa = PBXBuildFile; fileRef = 7FDA1A751F8CB4400000E596 /* AppDelegate.m */; };
		7FDA1A791F8CB4400000E596 /* ViewController.m in Sources */ = {isa = PBXBuildFile; fileRef = 7FDA1A781F8CB4400000E596 /* ViewController.m */; };
		7FDA1A7C1F8CB4400000E596 /* Main.storyboard in Resources */ = {isa = PBXBuildFile; fileRef = 7FDA1A7A1F8CB4400000E596 /* Main.storyboard */; };
		7FDA1A7E1F8CB4400000E596 /* Assets.xcassets in Resources */ = {isa = PBXBuildFile; fileRef = 7FDA1A7D1F8CB4400000E596 /* Assets.xcassets */; };
		7FDA1A811F8CB4400000E596 /* LaunchScreen.storyboard in Resources */ = {isa = PBXBuildFile; fileRef = 7FDA1A7F1F8CB4400000E596 /* LaunchScreen.storyboard */; };
		7FDA1A841F8CB4400000E596 /* main.m in Sources */ = {isa = PBXBuildFile; fileRef = 7FDA1A831F8CB4400000E596 /* main.m */; };
		7FDA1A8D1F8CB4880000E596 /* JHSCrollPageVC.m in Sources */ = {isa = PBXBuildFile; fileRef = 7FDA1A8C1F8CB4880000E596 /* JHSCrollPageVC.m */; };
/* End PBXBuildFile section */

/* Begin PBXFileReference section */
		7F1CE97221E35AD7005D7C38 /* TestViewController.h */ = {isa = PBXFileReference; lastKnownFileType = sourcecode.c.h; path = TestViewController.h; sourceTree = "<group>"; };
		7F1CE97321E35AD7005D7C38 /* TestViewController.m */ = {isa = PBXFileReference; lastKnownFileType = sourcecode.c.objc; path = TestViewController.m; sourceTree = "<group>"; };
		7F1CE97421E35AD7005D7C38 /* TestViewController.xib */ = {isa = PBXFileReference; lastKnownFileType = file.xib; path = TestViewController.xib; sourceTree = "<group>"; };
		7F91C43F21F47A1F002EAEE4 /* MASCompositeConstraint.h */ = {isa = PBXFileReference; fileEncoding = 4; lastKnownFileType = sourcecode.c.h; path = MASCompositeConstraint.h; sourceTree = "<group>"; };
		7F91C44021F47A1F002EAEE4 /* NSLayoutConstraint+MASDebugAdditions.m */ = {isa = PBXFileReference; fileEncoding = 4; lastKnownFileType = sourcecode.c.objc; path = "NSLayoutConstraint+MASDebugAdditions.m"; sourceTree = "<group>"; };
		7F91C44121F47A1F002EAEE4 /* MASConstraint+Private.h */ = {isa = PBXFileReference; fileEncoding = 4; lastKnownFileType = sourcecode.c.h; path = "MASConstraint+Private.h"; sourceTree = "<group>"; };
		7F91C44221F47A1F002EAEE4 /* MASLayoutConstraint.h */ = {isa = PBXFileReference; fileEncoding = 4; lastKnownFileType = sourcecode.c.h; path = MASLayoutConstraint.h; sourceTree = "<group>"; };
		7F91C44321F47A1F002EAEE4 /* NSArray+MASShorthandAdditions.h */ = {isa = PBXFileReference; fileEncoding = 4; lastKnownFileType = sourcecode.c.h; path = "NSArray+MASShorthandAdditions.h"; sourceTree = "<group>"; };
		7F91C44421F47A1F002EAEE4 /* MASConstraintMaker.h */ = {isa = PBXFileReference; fileEncoding = 4; lastKnownFileType = sourcecode.c.h; path = MASConstraintMaker.h; sourceTree = "<group>"; };
		7F91C44521F47A1F002EAEE4 /* View+MASAdditions.h */ = {isa = PBXFileReference; fileEncoding = 4; lastKnownFileType = sourcecode.c.h; path = "View+MASAdditions.h"; sourceTree = "<group>"; };
		7F91C44621F47A1F002EAEE4 /* NSArray+MASAdditions.h */ = {isa = PBXFileReference; fileEncoding = 4; lastKnownFileType = sourcecode.c.h; path = "NSArray+MASAdditions.h"; sourceTree = "<group>"; };
		7F91C44721F47A1F002EAEE4 /* MASUtilities.h */ = {isa = PBXFileReference; fileEncoding = 4; lastKnownFileType = sourcecode.c.h; path = MASUtilities.h; sourceTree = "<group>"; };
		7F91C44821F47A1F002EAEE4 /* MASViewAttribute.h */ = {isa = PBXFileReference; fileEncoding = 4; lastKnownFileType = sourcecode.c.h; path = MASViewAttribute.h; sourceTree = "<group>"; };
		7F91C44921F47A1F002EAEE4 /* ViewController+MASAdditions.m */ = {isa = PBXFileReference; fileEncoding = 4; lastKnownFileType = sourcecode.c.objc; path = "ViewController+MASAdditions.m"; sourceTree = "<group>"; };
		7F91C44A21F47A1F002EAEE4 /* MASViewConstraint.h */ = {isa = PBXFileReference; fileEncoding = 4; lastKnownFileType = sourcecode.c.h; path = MASViewConstraint.h; sourceTree = "<group>"; };
		7F91C44B21F47A1F002EAEE4 /* MASConstraint.h */ = {isa = PBXFileReference; fileEncoding = 4; lastKnownFileType = sourcecode.c.h; path = MASConstraint.h; sourceTree = "<group>"; };
		7F91C44C21F47A1F002EAEE4 /* NSLayoutConstraint+MASDebugAdditions.h */ = {isa = PBXFileReference; fileEncoding = 4; lastKnownFileType = sourcecode.c.h; path = "NSLayoutConstraint+MASDebugAdditions.h"; sourceTree = "<group>"; };
		7F91C44D21F47A1F002EAEE4 /* MASCompositeConstraint.m */ = {isa = PBXFileReference; fileEncoding = 4; lastKnownFileType = sourcecode.c.objc; path = MASCompositeConstraint.m; sourceTree = "<group>"; };
		7F91C44E21F47A1F002EAEE4 /* MASConstraintMaker.m */ = {isa = PBXFileReference; fileEncoding = 4; lastKnownFileType = sourcecode.c.objc; path = MASConstraintMaker.m; sourceTree = "<group>"; };
		7F91C44F21F47A1F002EAEE4 /* MASLayoutConstraint.m */ = {isa = PBXFileReference; fileEncoding = 4; lastKnownFileType = sourcecode.c.objc; path = MASLayoutConstraint.m; sourceTree = "<group>"; };
		7F91C45021F47A1F002EAEE4 /* NSArray+MASAdditions.m */ = {isa = PBXFileReference; fileEncoding = 4; lastKnownFileType = sourcecode.c.objc; path = "NSArray+MASAdditions.m"; sourceTree = "<group>"; };
		7F91C45121F47A1F002EAEE4 /* View+MASAdditions.m */ = {isa = PBXFileReference; fileEncoding = 4; lastKnownFileType = sourcecode.c.objc; path = "View+MASAdditions.m"; sourceTree = "<group>"; };
		7F91C45221F47A1F002EAEE4 /* View+MASShorthandAdditions.h */ = {isa = PBXFileReference; fileEncoding = 4; lastKnownFileType = sourcecode.c.h; path = "View+MASShorthandAdditions.h"; sourceTree = "<group>"; };
		7F91C45321F47A1F002EAEE4 /* Masonry.h */ = {isa = PBXFileReference; fileEncoding = 4; lastKnownFileType = sourcecode.c.h; path = Masonry.h; sourceTree = "<group>"; };
		7F91C45421F47A1F002EAEE4 /* MASConstraint.m */ = {isa = PBXFileReference; fileEncoding = 4; lastKnownFileType = sourcecode.c.objc; path = MASConstraint.m; sourceTree = "<group>"; };
		7F91C45521F47A1F002EAEE4 /* ViewController+MASAdditions.h */ = {isa = PBXFileReference; fileEncoding = 4; lastKnownFileType = sourcecode.c.h; path = "ViewController+MASAdditions.h"; sourceTree = "<group>"; };
		7F91C45621F47A1F002EAEE4 /* MASViewConstraint.m */ = {isa = PBXFileReference; fileEncoding = 4; lastKnownFileType = sourcecode.c.objc; path = MASViewConstraint.m; sourceTree = "<group>"; };
		7F91C45721F47A1F002EAEE4 /* MASViewAttribute.m */ = {isa = PBXFileReference; fileEncoding = 4; lastKnownFileType = sourcecode.c.objc; path = MASViewAttribute.m; sourceTree = "<group>"; };
		7FDA1A711F8CB4400000E596 /* JHSCrollPageView.app */ = {isa = PBXFileReference; explicitFileType = wrapper.application; includeInIndex = 0; path = JHSCrollPageView.app; sourceTree = BUILT_PRODUCTS_DIR; };
		7FDA1A741F8CB4400000E596 /* AppDelegate.h */ = {isa = PBXFileReference; lastKnownFileType = sourcecode.c.h; path = AppDelegate.h; sourceTree = "<group>"; };
		7FDA1A751F8CB4400000E596 /* AppDelegate.m */ = {isa = PBXFileReference; lastKnownFileType = sourcecode.c.objc; path = AppDelegate.m; sourceTree = "<group>"; };
		7FDA1A771F8CB4400000E596 /* ViewController.h */ = {isa = PBXFileReference; lastKnownFileType = sourcecode.c.h; path = ViewController.h; sourceTree = "<group>"; };
		7FDA1A781F8CB4400000E596 /* ViewController.m */ = {isa = PBXFileReference; lastKnownFileType = sourcecode.c.objc; path = ViewController.m; sourceTree = "<group>"; };
		7FDA1A7B1F8CB4400000E596 /* Base */ = {isa = PBXFileReference; lastKnownFileType = file.storyboard; name = Base; path = Base.lproj/Main.storyboard; sourceTree = "<group>"; };
		7FDA1A7D1F8CB4400000E596 /* Assets.xcassets */ = {isa = PBXFileReference; lastKnownFileType = folder.assetcatalog; path = Assets.xcassets; sourceTree = "<group>"; };
		7FDA1A801F8CB4400000E596 /* Base */ = {isa = PBXFileReference; lastKnownFileType = file.storyboard; name = Base; path = Base.lproj/LaunchScreen.storyboard; sourceTree = "<group>"; };
		7FDA1A821F8CB4400000E596 /* Info.plist */ = {isa = PBXFileReference; lastKnownFileType = text.plist.xml; path = Info.plist; sourceTree = "<group>"; };
		7FDA1A831F8CB4400000E596 /* main.m */ = {isa = PBXFileReference; lastKnownFileType = sourcecode.c.objc; path = main.m; sourceTree = "<group>"; };
		7FDA1A8B1F8CB4880000E596 /* JHSCrollPageVC.h */ = {isa = PBXFileReference; lastKnownFileType = sourcecode.c.h; path = JHSCrollPageVC.h; sourceTree = "<group>"; };
		7FDA1A8C1F8CB4880000E596 /* JHSCrollPageVC.m */ = {isa = PBXFileReference; lastKnownFileType = sourcecode.c.objc; path = JHSCrollPageVC.m; sourceTree = "<group>"; };
/* End PBXFileReference section */

/* Begin PBXFrameworksBuildPhase section */
		7FDA1A6E1F8CB4400000E596 /* Frameworks */ = {
			isa = PBXFrameworksBuildPhase;
			buildActionMask = 2147483647;
			files = (
			);
			runOnlyForDeploymentPostprocessing = 0;
		};
/* End PBXFrameworksBuildPhase section */

/* Begin PBXGroup section */
		7F91C43E21F47A1F002EAEE4 /* Masonry */ = {
			isa = PBXGroup;
			children = (
				7F91C43F21F47A1F002EAEE4 /* MASCompositeConstraint.h */,
				7F91C44021F47A1F002EAEE4 /* NSLayoutConstraint+MASDebugAdditions.m */,
				7F91C44121F47A1F002EAEE4 /* MASConstraint+Private.h */,
				7F91C44221F47A1F002EAEE4 /* MASLayoutConstraint.h */,
				7F91C44321F47A1F002EAEE4 /* NSArray+MASShorthandAdditions.h */,
				7F91C44421F47A1F002EAEE4 /* MASConstraintMaker.h */,
				7F91C44521F47A1F002EAEE4 /* View+MASAdditions.h */,
				7F91C44621F47A1F002EAEE4 /* NSArray+MASAdditions.h */,
				7F91C44721F47A1F002EAEE4 /* MASUtilities.h */,
				7F91C44821F47A1F002EAEE4 /* MASViewAttribute.h */,
				7F91C44921F47A1F002EAEE4 /* ViewController+MASAdditions.m */,
				7F91C44A21F47A1F002EAEE4 /* MASViewConstraint.h */,
				7F91C44B21F47A1F002EAEE4 /* MASConstraint.h */,
				7F91C44C21F47A1F002EAEE4 /* NSLayoutConstraint+MASDebugAdditions.h */,
				7F91C44D21F47A1F002EAEE4 /* MASCompositeConstraint.m */,
				7F91C44E21F47A1F002EAEE4 /* MASConstraintMaker.m */,
				7F91C44F21F47A1F002EAEE4 /* MASLayoutConstraint.m */,
				7F91C45021F47A1F002EAEE4 /* NSArray+MASAdditions.m */,
				7F91C45121F47A1F002EAEE4 /* View+MASAdditions.m */,
				7F91C45221F47A1F002EAEE4 /* View+MASShorthandAdditions.h */,
				7F91C45321F47A1F002EAEE4 /* Masonry.h */,
				7F91C45421F47A1F002EAEE4 /* MASConstraint.m */,
				7F91C45521F47A1F002EAEE4 /* ViewController+MASAdditions.h */,
				7F91C45621F47A1F002EAEE4 /* MASViewConstraint.m */,
				7F91C45721F47A1F002EAEE4 /* MASViewAttribute.m */,
			);
			path = Masonry;
			sourceTree = "<group>";
		};
		7FDA1A681F8CB4400000E596 = {
			isa = PBXGroup;
			children = (
				7FDA1A731F8CB4400000E596 /* JHSCrollPageView */,
				7FDA1A721F8CB4400000E596 /* Products */,
			);
			sourceTree = "<group>";
		};
		7FDA1A721F8CB4400000E596 /* Products */ = {
			isa = PBXGroup;
			children = (
				7FDA1A711F8CB4400000E596 /* JHSCrollPageView.app */,
			);
			name = Products;
			sourceTree = "<group>";
		};
		7FDA1A731F8CB4400000E596 /* JHSCrollPageView */ = {
			isa = PBXGroup;
			children = (
				7F91C43E21F47A1F002EAEE4 /* Masonry */,
				7FDA1A8A1F8CB46C0000E596 /* JHSCrollPageView */,
				7FDA1A741F8CB4400000E596 /* AppDelegate.h */,
				7FDA1A751F8CB4400000E596 /* AppDelegate.m */,
				7FDA1A771F8CB4400000E596 /* ViewController.h */,
				7FDA1A781F8CB4400000E596 /* ViewController.m */,
				7F1CE97221E35AD7005D7C38 /* TestViewController.h */,
				7F1CE97321E35AD7005D7C38 /* TestViewController.m */,
				7F1CE97421E35AD7005D7C38 /* TestViewController.xib */,
				7FDA1A7A1F8CB4400000E596 /* Main.storyboard */,
				7FDA1A7D1F8CB4400000E596 /* Assets.xcassets */,
				7FDA1A7F1F8CB4400000E596 /* LaunchScreen.storyboard */,
				7FDA1A821F8CB4400000E596 /* Info.plist */,
				7FDA1A831F8CB4400000E596 /* main.m */,
			);
			path = JHSCrollPageView;
			sourceTree = "<group>";
		};
		7FDA1A8A1F8CB46C0000E596 /* JHSCrollPageView */ = {
			isa = PBXGroup;
			children = (
				7FDA1A8B1F8CB4880000E596 /* JHSCrollPageVC.h */,
				7FDA1A8C1F8CB4880000E596 /* JHSCrollPageVC.m */,
			);
			path = JHSCrollPageView;
			sourceTree = "<group>";
		};
/* End PBXGroup section */

/* Begin PBXNativeTarget section */
		7FDA1A701F8CB4400000E596 /* JHSCrollPageView */ = {
			isa = PBXNativeTarget;
			buildConfigurationList = 7FDA1A871F8CB4400000E596 /* Build configuration list for PBXNativeTarget "JHSCrollPageView" */;
			buildPhases = (
				7FDA1A6D1F8CB4400000E596 /* Sources */,
				7FDA1A6E1F8CB4400000E596 /* Frameworks */,
				7FDA1A6F1F8CB4400000E596 /* Resources */,
			);
			buildRules = (
			);
			dependencies = (
			);
			name = JHSCrollPageView;
			productName = JHSCrollPageView;
			productReference = 7FDA1A711F8CB4400000E596 /* JHSCrollPageView.app */;
			productType = "com.apple.product-type.application";
		};
/* End PBXNativeTarget section */

/* Begin PBXProject section */
		7FDA1A691F8CB4400000E596 /* Project object */ = {
			isa = PBXProject;
			attributes = {
				LastUpgradeCheck = 0900;
				ORGANIZATIONNAME = hongsui;
				TargetAttributes = {
					7FDA1A701F8CB4400000E596 = {
						CreatedOnToolsVersion = 9.0;
						ProvisioningStyle = Automatic;
					};
				};
			};
			buildConfigurationList = 7FDA1A6C1F8CB4400000E596 /* Build configuration list for PBXProject "JHSCrollPageView" */;
			compatibilityVersion = "Xcode 8.0";
			developmentRegion = en;
			hasScannedForEncodings = 0;
			knownRegions = (
				en,
				Base,
			);
			mainGroup = 7FDA1A681F8CB4400000E596;
			productRefGroup = 7FDA1A721F8CB4400000E596 /* Products */;
			projectDirPath = "";
			projectRoot = "";
			targets = (
				7FDA1A701F8CB4400000E596 /* JHSCrollPageView */,
			);
		};
/* End PBXProject section */

/* Begin PBXResourcesBuildPhase section */
		7FDA1A6F1F8CB4400000E596 /* Resources */ = {
			isa = PBXResourcesBuildPhase;
			buildActionMask = 2147483647;
			files = (
				7FDA1A811F8CB4400000E596 /* LaunchScreen.storyboard in Resources */,
				7FDA1A7E1F8CB4400000E596 /* Assets.xcassets in Resources */,
				7F1CE97621E35AD7005D7C38 /* TestViewController.xib in Resources */,
				7FDA1A7C1F8CB4400000E596 /* Main.storyboard in Resources */,
			);
			runOnlyForDeploymentPostprocessing = 0;
		};
/* End PBXResourcesBuildPhase section */

/* Begin PBXSourcesBuildPhase section */
		7FDA1A6D1F8CB4400000E596 /* Sources */ = {
			isa = PBXSourcesBuildPhase;
			buildActionMask = 2147483647;
			files = (
				7FDA1A791F8CB4400000E596 /* ViewController.m in Sources */,
				7FDA1A841F8CB4400000E596 /* main.m in Sources */,
				7F91C45C21F47A1F002EAEE4 /* MASLayoutConstraint.m in Sources */,
				7FDA1A8D1F8CB4880000E596 /* JHSCrollPageVC.m in Sources */,
				7FDA1A761F8CB4400000E596 /* AppDelegate.m in Sources */,
				7F91C46121F47A1F002EAEE4 /* MASViewAttribute.m in Sources */,
				7F91C45D21F47A1F002EAEE4 /* NSArray+MASAdditions.m in Sources */,
				7F91C45A21F47A1F002EAEE4 /* MASCompositeConstraint.m in Sources */,
				7F91C45B21F47A1F002EAEE4 /* MASConstraintMaker.m in Sources */,
				7F91C45E21F47A1F002EAEE4 /* View+MASAdditions.m in Sources */,
				7F91C45921F47A1F002EAEE4 /* ViewController+MASAdditions.m in Sources */,
				7F1CE97521E35AD7005D7C38 /* TestViewController.m in Sources */,
				7F91C46021F47A1F002EAEE4 /* MASViewConstraint.m in Sources */,
				7F91C45821F47A1F002EAEE4 /* NSLayoutConstraint+MASDebugAdditions.m in Sources */,
				7F91C45F21F47A1F002EAEE4 /* MASConstraint.m in Sources */,
			);
			runOnlyForDeploymentPostprocessing = 0;
		};
/* End PBXSourcesBuildPhase section */

/* Begin PBXVariantGroup section */
		7FDA1A7A1F8CB4400000E596 /* Main.storyboard */ = {
			isa = PBXVariantGroup;
			children = (
				7FDA1A7B1F8CB4400000E596 /* Base */,
			);
			name = Main.storyboard;
			sourceTree = "<group>";
		};
		7FDA1A7F1F8CB4400000E596 /* LaunchScreen.storyboard */ = {
			isa = PBXVariantGroup;
			children = (
				7FDA1A801F8CB4400000E596 /* Base */,
			);
			name = LaunchScreen.storyboard;
			sourceTree = "<group>";
		};
/* End PBXVariantGroup section */

/* Begin XCBuildConfiguration section */
		7FDA1A851F8CB4400000E596 /* Debug */ = {
			isa = XCBuildConfiguration;
			buildSettings = {
				ALWAYS_SEARCH_USER_PATHS = NO;
				CLANG_ANALYZER_NONNULL = YES;
				CLANG_ANALYZER_NUMBER_OBJECT_CONVERSION = YES_AGGRESSIVE;
				CLANG_CXX_LANGUAGE_STANDARD = "gnu++14";
				CLANG_CXX_LIBRARY = "libc++";
				CLANG_ENABLE_MODULES = YES;
				CLANG_ENABLE_OBJC_ARC = YES;
				CLANG_WARN_BLOCK_CAPTURE_AUTORELEASING = YES;
				CLANG_WARN_BOOL_CONVERSION = YES;
				CLANG_WARN_COMMA = YES;
				CLANG_WARN_CONSTANT_CONVERSION = YES;
				CLANG_WARN_DIRECT_OBJC_ISA_USAGE = YES_ERROR;
				CLANG_WARN_DOCUMENTATION_COMMENTS = YES;
				CLANG_WARN_EMPTY_BODY = YES;
				CLANG_WARN_ENUM_CONVERSION = YES;
				CLANG_WARN_INFINITE_RECURSION = YES;
				CLANG_WARN_INT_CONVERSION = YES;
				CLANG_WARN_NON_LITERAL_NULL_CONVERSION = YES;
				CLANG_WARN_OBJC_LITERAL_CONVERSION = YES;
				CLANG_WARN_OBJC_ROOT_CLASS = YES_ERROR;
				CLANG_WARN_RANGE_LOOP_ANALYSIS = YES;
				CLANG_WARN_STRICT_PROTOTYPES = YES;
				CLANG_WARN_SUSPICIOUS_MOVE = YES;
				CLANG_WARN_UNGUARDED_AVAILABILITY = YES_AGGRESSIVE;
				CLANG_WARN_UNREACHABLE_CODE = YES;
				CLANG_WARN__DUPLICATE_METHOD_MATCH = YES;
				CODE_SIGN_IDENTITY = "iPhone Developer";
				COPY_PHASE_STRIP = NO;
				DEBUG_INFORMATION_FORMAT = dwarf;
				ENABLE_STRICT_OBJC_MSGSEND = YES;
				ENABLE_TESTABILITY = YES;
				GCC_C_LANGUAGE_STANDARD = gnu11;
				GCC_DYNAMIC_NO_PIC = NO;
				GCC_NO_COMMON_BLOCKS = YES;
				GCC_OPTIMIZATION_LEVEL = 0;
				GCC_PREPROCESSOR_DEFINITIONS = (
					"DEBUG=1",
					"$(inherited)",
				);
				GCC_WARN_64_TO_32_BIT_CONVERSION = YES;
				GCC_WARN_ABOUT_RETURN_TYPE = YES_ERROR;
				GCC_WARN_UNDECLARED_SELECTOR = YES;
				GCC_WARN_UNINITIALIZED_AUTOS = YES_AGGRESSIVE;
				GCC_WARN_UNUSED_FUNCTION = YES;
				GCC_WARN_UNUSED_VARIABLE = YES;
				IPHONEOS_DEPLOYMENT_TARGET = 11.0;
				MTL_ENABLE_DEBUG_INFO = YES;
				ONLY_ACTIVE_ARCH = YES;
				SDKROOT = iphoneos;
			};
			name = Debug;
		};
		7FDA1A861F8CB4400000E596 /* Release */ = {
			isa = XCBuildConfiguration;
			buildSettings = {
				ALWAYS_SEARCH_USER_PATHS = NO;
				CLANG_ANALYZER_NONNULL = YES;
				CLANG_ANALYZER_NUMBER_OBJECT_CONVERSION = YES_AGGRESSIVE;
				CLANG_CXX_LANGUAGE_STANDARD = "gnu++14";
				CLANG_CXX_LIBRARY = "libc++";
				CLANG_ENABLE_MODULES = YES;
				CLANG_ENABLE_OBJC_ARC = YES;
				CLANG_WARN_BLOCK_CAPTURE_AUTORELEASING = YES;
				CLANG_WARN_BOOL_CONVERSION = YES;
				CLANG_WARN_COMMA = YES;
				CLANG_WARN_CONSTANT_CONVERSION = YES;
				CLANG_WARN_DIRECT_OBJC_ISA_USAGE = YES_ERROR;
				CLANG_WARN_DOCUMENTATION_COMMENTS = YES;
				CLANG_WARN_EMPTY_BODY = YES;
				CLANG_WARN_ENUM_CONVERSION = YES;
				CLANG_WARN_INFINITE_RECURSION = YES;
				CLANG_WARN_INT_CONVERSION = YES;
				CLANG_WARN_NON_LITERAL_NULL_CONVERSION = YES;
				CLANG_WARN_OBJC_LITERAL_CONVERSION = YES;
				CLANG_WARN_OBJC_ROOT_CLASS = YES_ERROR;
				CLANG_WARN_RANGE_LOOP_ANALYSIS = YES;
				CLANG_WARN_STRICT_PROTOTYPES = YES;
				CLANG_WARN_SUSPICIOUS_MOVE = YES;
				CLANG_WARN_UNGUARDED_AVAILABILITY = YES_AGGRESSIVE;
				CLANG_WARN_UNREACHABLE_CODE = YES;
				CLANG_WARN__DUPLICATE_METHOD_MATCH = YES;
				CODE_SIGN_IDENTITY = "iPhone Developer";
				COPY_PHASE_STRIP = NO;
				DEBUG_INFORMATION_FORMAT = "dwarf-with-dsym";
				ENABLE_NS_ASSERTIONS = NO;
				ENABLE_STRICT_OBJC_MSGSEND = YES;
				GCC_C_LANGUAGE_STANDARD = gnu11;
				GCC_NO_COMMON_BLOCKS = YES;
				GCC_WARN_64_TO_32_BIT_CONVERSION = YES;
				GCC_WARN_ABOUT_RETURN_TYPE = YES_ERROR;
				GCC_WARN_UNDECLARED_SELECTOR = YES;
				GCC_WARN_UNINITIALIZED_AUTOS = YES_AGGRESSIVE;
				GCC_WARN_UNUSED_FUNCTION = YES;
				GCC_WARN_UNUSED_VARIABLE = YES;
				IPHONEOS_DEPLOYMENT_TARGET = 11.0;
				MTL_ENABLE_DEBUG_INFO = NO;
				SDKROOT = iphoneos;
				VALIDATE_PRODUCT = YES;
			};
			name = Release;
		};
		7FDA1A881F8CB4400000E596 /* Debug */ = {
			isa = XCBuildConfiguration;
			buildSettings = {
				ASSETCATALOG_COMPILER_APPICON_NAME = AppIcon;
				CODE_SIGN_STYLE = Automatic;
				DEVELOPMENT_TEAM = 6FF75Z63XL;
				INFOPLIST_FILE = JHSCrollPageView/Info.plist;
				IPHONEOS_DEPLOYMENT_TARGET = 9.1;
				LD_RUNPATH_SEARCH_PATHS = "$(inherited) @executable_path/Frameworks";
				PRODUCT_BUNDLE_IDENTIFIER = com.hongsui.JHSCrollPageView;
				PRODUCT_NAME = "$(TARGET_NAME)";
				TARGETED_DEVICE_FAMILY = "1,2";
			};
			name = Debug;
		};
		7FDA1A891F8CB4400000E596 /* Release */ = {
			isa = XCBuildConfiguration;
			buildSettings = {
				ASSETCATALOG_COMPILER_APPICON_NAME = AppIcon;
				CODE_SIGN_STYLE = Automatic;
				DEVELOPMENT_TEAM = 6FF75Z63XL;
				INFOPLIST_FILE = JHSCrollPageView/Info.plist;
				IPHONEOS_DEPLOYMENT_TARGET = 9.1;
				LD_RUNPATH_SEARCH_PATHS = "$(inherited) @executable_path/Frameworks";
				PRODUCT_BUNDLE_IDENTIFIER = com.hongsui.JHSCrollPageView;
				PRODUCT_NAME = "$(TARGET_NAME)";
				TARGETED_DEVICE_FAMILY = "1,2";
			};
			name = Release;
		};
/* End XCBuildConfiguration section */

/* Begin XCConfigurationList section */
		7FDA1A6C1F8CB4400000E596 /* Build configuration list for PBXProject "JHSCrollPageView" */ = {
			isa = XCConfigurationList;
			buildConfigurations = (
				7FDA1A851F8CB4400000E596 /* Debug */,
				7FDA1A861F8CB4400000E596 /* Release */,
			);
			defaultConfigurationIsVisible = 0;
			defaultConfigurationName = Release;
		};
		7FDA1A871F8CB4400000E596 /* Build configuration list for PBXNativeTarget "JHSCrollPageView" */ = {
			isa = XCConfigurationList;
			buildConfigurations = (
				7FDA1A881F8CB4400000E596 /* Debug */,
				7FDA1A891F8CB4400000E596 /* Release */,
			);
			defaultConfigurationIsVisible = 0;
			defaultConfigurationName = Release;
		};
/* End XCConfigurationList section */
	};
	rootObject = 7FDA1A691F8CB4400000E596 /* Project object */;
}
